// !$*UTF8*$!
{
	archiveVersion = 1;
	classes = {
	};
	objectVersion = 51;
	objects = {

/* Begin PBXBuildFile section */
		260D431427CE3F160020039E /* CheckData.storyboard in Resources */ = {isa = PBXBuildFile; fileRef = 260D431327CE3F160020039E /* CheckData.storyboard */; };
		260D431627CE3FD80020039E /* CheckDataViewController.swift in Sources */ = {isa = PBXBuildFile; fileRef = 260D431527CE3FD80020039E /* CheckDataViewController.swift */; };
		260D431827CE4D690020039E /* CheckRenderer.swift in Sources */ = {isa = PBXBuildFile; fileRef = 260D431727CE4D690020039E /* CheckRenderer.swift */; };
		262D694F275DEC6F00E7EE12 /* CalculateRenderer.swift in Sources */ = {isa = PBXBuildFile; fileRef = 262D694E275DEC6F00E7EE12 /* CalculateRenderer.swift */; };
		2632F45425F04193006B7366 /* Shaders.metal in Sources */ = {isa = PBXBuildFile; fileRef = 2632F45325F04193006B7366 /* Shaders.metal */; };
		2632F45A25F0420A006B7366 /* MetalBuffer.swift in Sources */ = {isa = PBXBuildFile; fileRef = 2632F45925F0420A006B7366 /* MetalBuffer.swift */; };
		2632F46225F04482006B7366 /* Helpers.swift in Sources */ = {isa = PBXBuildFile; fileRef = 2632F46125F04482006B7366 /* Helpers.swift */; };
		2632F47D25F05BC8006B7366 /* EditDataController.swift in Sources */ = {isa = PBXBuildFile; fileRef = 2632F47C25F05BC8006B7366 /* EditDataController.swift */; };
		2645C16A28F4214000F1FE93 /* GPUTextureCalculate.framework in Frameworks */ = {isa = PBXBuildFile; fileRef = 2645C16828F4213300F1FE93 /* GPUTextureCalculate.framework */; };
		2645C16B28F4214100F1FE93 /* GPUTextureCalculate.framework in Embed Frameworks */ = {isa = PBXBuildFile; fileRef = 2645C16828F4213300F1FE93 /* GPUTextureCalculate.framework */; settings = {ATTRIBUTES = (CodeSignOnCopy, RemoveHeadersOnCopy, ); }; };
		2660EA9A28F8A4AB00BA13CE /* DataManagement.swift in Sources */ = {isa = PBXBuildFile; fileRef = 2660EA9928F8A4AB00BA13CE /* DataManagement.swift */; };
		26641EC8256C4BEA00FBBDF2 /* MarkerPopOverController.swift in Sources */ = {isa = PBXBuildFile; fileRef = 26641EC7256C4BEA00FBBDF2 /* MarkerPopOverController.swift */; };
		2671B5F52919CA6700612186 /* NewBuildTextureMeshNode.swift in Sources */ = {isa = PBXBuildFile; fileRef = 2671B5F42919CA6600612186 /* NewBuildTextureMeshNode.swift */; };
		2682062F25C3F7BC00519E42 /* Renderer.swift in Sources */ = {isa = PBXBuildFile; fileRef = 2682062E25C3F7BC00519E42 /* Renderer.swift */; };
		26AAA1F12563C802008FE5EB /* AppDelegate.swift in Sources */ = {isa = PBXBuildFile; fileRef = 26AAA1F02563C802008FE5EB /* AppDelegate.swift */; };
		26AAA1F52563C802008FE5EB /* Experience.rcproject in Sources */ = {isa = PBXBuildFile; fileRef = 26AAA1F42563C802008FE5EB /* Experience.rcproject */; };
		26AAA1FA2563C804008FE5EB /* Assets.xcassets in Resources */ = {isa = PBXBuildFile; fileRef = 26AAA1F92563C804008FE5EB /* Assets.xcassets */; };
		26AAA1FD2563C804008FE5EB /* LaunchScreen.storyboard in Resources */ = {isa = PBXBuildFile; fileRef = 26AAA1FB2563C804008FE5EB /* LaunchScreen.storyboard */; };
		26AAA2492563C998008FE5EB /* EditDataChoiceController.swift in Sources */ = {isa = PBXBuildFile; fileRef = 26AAA2282563C995008FE5EB /* EditDataChoiceController.swift */; };
		26AAA2502563C998008FE5EB /* PopOverController.swift in Sources */ = {isa = PBXBuildFile; fileRef = 26AAA22F2563C996008FE5EB /* PopOverController.swift */; };
		26AAA2552563C998008FE5EB /* Information.swift in Sources */ = {isa = PBXBuildFile; fileRef = 26AAA2342563C996008FE5EB /* Information.swift */; };
		26AAA2562563C998008FE5EB /* MakeNavigationController.swift in Sources */ = {isa = PBXBuildFile; fileRef = 26AAA2352563C997008FE5EB /* MakeNavigationController.swift */; };
		26AAA25F2563C998008FE5EB /* MenuController.swift in Sources */ = {isa = PBXBuildFile; fileRef = 26AAA23E2563C997008FE5EB /* MenuController.swift */; };
		26AAA2642563C998008FE5EB /* ChoiceDataAllCheckController.swift in Sources */ = {isa = PBXBuildFile; fileRef = 26AAA2432563C998008FE5EB /* ChoiceDataAllCheckController.swift */; };
		26AAA26C2563CAC9008FE5EB /* art.scnassets in Resources */ = {isa = PBXBuildFile; fileRef = 26AAA26B2563CAC9008FE5EB /* art.scnassets */; };
		26C60979290B029A006B00A2 /* MappingSupport.framework in Frameworks */ = {isa = PBXBuildFile; fileRef = 26C60977290B0293006B00A2 /* MappingSupport.framework */; };
		26C6097A290B029A006B00A2 /* MappingSupport.framework in Embed Frameworks */ = {isa = PBXBuildFile; fileRef = 26C60977290B0293006B00A2 /* MappingSupport.framework */; settings = {ATTRIBUTES = (CodeSignOnCopy, RemoveHeadersOnCopy, ); }; };
		8E6EE9183E418AD5051924D8 /* Pods_ARSystem.framework in Frameworks */ = {isa = PBXBuildFile; fileRef = A6A1ACF34415CD790884183E /* Pods_ARSystem.framework */; };
		CF0250DA26380953003790E8 /* ObjectDataSource.swift in Sources */ = {isa = PBXBuildFile; fileRef = CF0250D926380953003790E8 /* ObjectDataSource.swift */; };
		CF0BAFE8281C739B004086C8 /* VRView.storyboard in Resources */ = {isa = PBXBuildFile; fileRef = CF0BAFE7281C739B004086C8 /* VRView.storyboard */; };
		CF0BAFEC281C7C9C004086C8 /* VRViewController.swift in Sources */ = {isa = PBXBuildFile; fileRef = CF0BAFEB281C7C9C004086C8 /* VRViewController.swift */; };
		CF0BAFF4281C8594004086C8 /* WebSocketProvider.swift in Sources */ = {isa = PBXBuildFile; fileRef = CF0BAFED281C8593004086C8 /* WebSocketProvider.swift */; };
		CF0BAFF5281C8594004086C8 /* SignalingClient.swift in Sources */ = {isa = PBXBuildFile; fileRef = CF0BAFEE281C8593004086C8 /* SignalingClient.swift */; };
		CF0BAFF7281C8594004086C8 /* Config.swift in Sources */ = {isa = PBXBuildFile; fileRef = CF0BAFF0281C8593004086C8 /* Config.swift */; };
		CF0BAFF9281C8594004086C8 /* Message.swift in Sources */ = {isa = PBXBuildFile; fileRef = CF0BAFF2281C8594004086C8 /* Message.swift */; };
		CF0BAFFA281C8594004086C8 /* WebRTCClient.swift in Sources */ = {isa = PBXBuildFile; fileRef = CF0BAFF3281C8594004086C8 /* WebRTCClient.swift */; };
		CF0BAFFC281C8626004086C8 /* NativeWebSocket.swift in Sources */ = {isa = PBXBuildFile; fileRef = CF0BAFFB281C8626004086C8 /* NativeWebSocket.swift */; };
		CF0BB000281C8C95004086C8 /* IceCandidate.swift in Sources */ = {isa = PBXBuildFile; fileRef = CF0BAFFD281C8C95004086C8 /* IceCandidate.swift */; };
		CF0BB001281C8C95004086C8 /* RTCStates.swift in Sources */ = {isa = PBXBuildFile; fileRef = CF0BAFFE281C8C95004086C8 /* RTCStates.swift */; };
		CF0BB002281C8C95004086C8 /* SessionDescription.swift in Sources */ = {isa = PBXBuildFile; fileRef = CF0BAFFF281C8C95004086C8 /* SessionDescription.swift */; };
		CF0BB004281C8F8D004086C8 /* opencv2.framework in Frameworks */ = {isa = PBXBuildFile; fileRef = CF0BB003281C8F8D004086C8 /* opencv2.framework */; };
		CF0BB05F281D4B7A004086C8 /* VideoViewController.swift in Sources */ = {isa = PBXBuildFile; fileRef = CF0BB05E281D4B7A004086C8 /* VideoViewController.swift */; };
		CF0BB064281D763E004086C8 /* VideoView.storyboard in Resources */ = {isa = PBXBuildFile; fileRef = CF0BB063281D763E004086C8 /* VideoView.storyboard */; };
		CF0BB067281D8025004086C8 /* VideoView.swift in Sources */ = {isa = PBXBuildFile; fileRef = CF0BB066281D8025004086C8 /* VideoView.swift */; };
		CF13205827223CD400277339 /* ObjectOrigin.swift in Sources */ = {isa = PBXBuildFile; fileRef = CF13205727223CD400277339 /* ObjectOrigin.swift */; };
		CF216BAB28557B790099F607 /* CollaboVR.storyboard in Resources */ = {isa = PBXBuildFile; fileRef = CF216BAA28557B790099F607 /* CollaboVR.storyboard */; };
		CF216BAD28557C900099F607 /* CollaboAR.storyboard in Resources */ = {isa = PBXBuildFile; fileRef = CF216BAC28557C900099F607 /* CollaboAR.storyboard */; };
		CF2210A8283D41EF00AA5C83 /* ChoiceData.storyboard in Resources */ = {isa = PBXBuildFile; fileRef = CF2210A7283D41EF00AA5C83 /* ChoiceData.storyboard */; };
		CF2210AA283D42C200AA5C83 /* ChoiceData.swift in Sources */ = {isa = PBXBuildFile; fileRef = CF2210A9283D42C200AA5C83 /* ChoiceData.swift */; };
		CF30EF48262BAF5000C13B66 /* PopOver.storyboard in Resources */ = {isa = PBXBuildFile; fileRef = CF30EF47262BAF5000C13B66 /* PopOver.storyboard */; };
		CF30EF5B262C9C6600C13B66 /* SwitchPopOver.swift in Sources */ = {isa = PBXBuildFile; fileRef = CF30EF5A262C9C6600C13B66 /* SwitchPopOver.swift */; };
		CF30EF60262C9CC000C13B66 /* MenuDataSource.swift in Sources */ = {isa = PBXBuildFile; fileRef = CF30EF5F262C9CC000C13B66 /* MenuDataSource.swift */; };
		CF30EF65262CB39D00C13B66 /* CheckDataController.swift in Sources */ = {isa = PBXBuildFile; fileRef = CF30EF64262CB39D00C13B66 /* CheckDataController.swift */; };
		CF3D8061262B518F007904E6 /* Menu.storyboard in Resources */ = {isa = PBXBuildFile; fileRef = CF3D8060262B518F007904E6 /* Menu.storyboard */; };
		CF3D8081262B8803007904E6 /* MakeNavigation.storyboard in Resources */ = {isa = PBXBuildFile; fileRef = CF3D8080262B8803007904E6 /* MakeNavigation.storyboard */; };
		CF3D80A3262B90F2007904E6 /* EditData.storyboard in Resources */ = {isa = PBXBuildFile; fileRef = CF3D80A2262B90F2007904E6 /* EditData.storyboard */; };
		CF3D80AF262B954D007904E6 /* CheckAllData.storyboard in Resources */ = {isa = PBXBuildFile; fileRef = CF3D80AE262B954D007904E6 /* CheckAllData.storyboard */; };
		CF3D80B4262B9618007904E6 /* CheckDataChoiceController.swift in Sources */ = {isa = PBXBuildFile; fileRef = CF3D80B3262B9618007904E6 /* CheckDataChoiceController.swift */; };
		CF3E928427532A670029C166 /* depth_Renderer.swift in Sources */ = {isa = PBXBuildFile; fileRef = CF3E928327532A670029C166 /* depth_Renderer.swift */; };
		CF642827284DF85C00B17107 /* Data_to_Cloud.swift in Sources */ = {isa = PBXBuildFile; fileRef = CF642826284DF85B00B17107 /* Data_to_Cloud.swift */; };
		CF666309283457CA0012F0DB /* CameraNode.swift in Sources */ = {isa = PBXBuildFile; fileRef = CF666308283457CA0012F0DB /* CameraNode.swift */; };
		CF688B942736844A00F863AF /* StructInfo.swift in Sources */ = {isa = PBXBuildFile; fileRef = CF688B932736844A00F863AF /* StructInfo.swift */; };
		CF6BC31C262AE65300E9B083 /* AddDataCellChoice.storyboard in Resources */ = {isa = PBXBuildFile; fileRef = CF6BC31B262AE65300E9B083 /* AddDataCellChoice.storyboard */; };
		CF6BC321262AE7D900E9B083 /* AddDataCellChoiceController.swift in Sources */ = {isa = PBXBuildFile; fileRef = CF6BC320262AE7D900E9B083 /* AddDataCellChoiceController.swift */; };
		CF8804A727BECAD500146230 /* ColabVRViewController.swift in Sources */ = {isa = PBXBuildFile; fileRef = CF8804A627BECAD500146230 /* ColabVRViewController.swift */; };
		CF8804A927BF0BC700146230 /* ColabARViewController.swift in Sources */ = {isa = PBXBuildFile; fileRef = CF8804A827BF0BC700146230 /* ColabARViewController.swift */; };
		CF966149280D9F5900D4C8BA /* SCNGeometry+Ext.swift in Sources */ = {isa = PBXBuildFile; fileRef = CF966148280D9F5900D4C8BA /* SCNGeometry+Ext.swift */; };
		CF96614B280DA2AA00D4C8BA /* BuildPointCloud.swift in Sources */ = {isa = PBXBuildFile; fileRef = CF96614A280DA2AA00D4C8BA /* BuildPointCloud.swift */; };
		CF96614D280DA44500D4C8BA /* Multipeer+Ext.swift in Sources */ = {isa = PBXBuildFile; fileRef = CF96614C280DA44500D4C8BA /* Multipeer+Ext.swift */; };
		CF966153280EAD6800D4C8BA /* ObjectOriginAxis.swift in Sources */ = {isa = PBXBuildFile; fileRef = CF966152280EAD6800D4C8BA /* ObjectOriginAxis.swift */; };
		CF966155280EB7A200D4C8BA /* OperateObject.swift in Sources */ = {isa = PBXBuildFile; fileRef = CF966154280EB7A200D4C8BA /* OperateObject.swift */; };
		CF96615B280F237E00D4C8BA /* LightNode.swift in Sources */ = {isa = PBXBuildFile; fileRef = CF96615A280F237E00D4C8BA /* LightNode.swift */; };
		CF96615D280F24B100D4C8BA /* ArrowNode.swift in Sources */ = {isa = PBXBuildFile; fileRef = CF96615C280F24B100D4C8BA /* ArrowNode.swift */; };
		CF96615F280F360800D4C8BA /* TextureImage.swift in Sources */ = {isa = PBXBuildFile; fileRef = CF96615E280F360800D4C8BA /* TextureImage.swift */; };
		CF966161280F3DE100D4C8BA /* BuildMeshNode.swift in Sources */ = {isa = PBXBuildFile; fileRef = CF966160280F3DE100D4C8BA /* BuildMeshNode.swift */; };
		CF966163280F4E9200D4C8BA /* BuildTextureMeshNode.swift in Sources */ = {isa = PBXBuildFile; fileRef = CF966162280F4E9200D4C8BA /* BuildTextureMeshNode.swift */; };
		CF966169280FD32E00D4C8BA /* GPUCalculateTexture.swift in Sources */ = {isa = PBXBuildFile; fileRef = CF966168280FD32E00D4C8BA /* GPUCalculateTexture.swift */; };
		CF96616B2810021F00D4C8BA /* CPUCalculateTexture.swift in Sources */ = {isa = PBXBuildFile; fileRef = CF96616A2810021F00D4C8BA /* CPUCalculateTexture.swift */; };
		CFD8ADB0282CABD100B51766 /* GoogleService-Info.plist in Resources */ = {isa = PBXBuildFile; fileRef = CFD8ADAF282CABD000B51766 /* GoogleService-Info.plist */; };
		CFE717EB281130C200B55073 /* ViewManagement.swift in Sources */ = {isa = PBXBuildFile; fileRef = CFE717EA281130C200B55073 /* ViewManagement.swift */; };
/* End PBXBuildFile section */

/* Begin PBXCopyFilesBuildPhase section */
		CF0BB009281D16DE004086C8 /* Embed Frameworks */ = {
			isa = PBXCopyFilesBuildPhase;
			buildActionMask = 2147483647;
			dstPath = "";
			dstSubfolderSpec = 10;
			files = (
				2645C16B28F4214100F1FE93 /* GPUTextureCalculate.framework in Embed Frameworks */,
				26C6097A290B029A006B00A2 /* MappingSupport.framework in Embed Frameworks */,
			);
			name = "Embed Frameworks";
			runOnlyForDeploymentPostprocessing = 0;
		};
/* End PBXCopyFilesBuildPhase section */

/* Begin PBXFileReference section */
		260D431327CE3F160020039E /* CheckData.storyboard */ = {isa = PBXFileReference; lastKnownFileType = file.storyboard; path = CheckData.storyboard; sourceTree = "<group>"; };
		260D431527CE3FD80020039E /* CheckDataViewController.swift */ = {isa = PBXFileReference; lastKnownFileType = sourcecode.swift; path = CheckDataViewController.swift; sourceTree = "<group>"; };
		260D431727CE4D690020039E /* CheckRenderer.swift */ = {isa = PBXFileReference; lastKnownFileType = sourcecode.swift; path = CheckRenderer.swift; sourceTree = "<group>"; };
		262D694E275DEC6F00E7EE12 /* CalculateRenderer.swift */ = {isa = PBXFileReference; lastKnownFileType = sourcecode.swift; path = CalculateRenderer.swift; sourceTree = "<group>"; };
		2632F45325F04193006B7366 /* Shaders.metal */ = {isa = PBXFileReference; lastKnownFileType = sourcecode.metal; path = Shaders.metal; sourceTree = "<group>"; };
		2632F45825F041DF006B7366 /* ShaderTypes.h */ = {isa = PBXFileReference; lastKnownFileType = sourcecode.c.h; path = ShaderTypes.h; sourceTree = "<group>"; };
		2632F45925F0420A006B7366 /* MetalBuffer.swift */ = {isa = PBXFileReference; lastKnownFileType = sourcecode.swift; path = MetalBuffer.swift; sourceTree = "<group>"; };
		2632F46125F04482006B7366 /* Helpers.swift */ = {isa = PBXFileReference; lastKnownFileType = sourcecode.swift; path = Helpers.swift; sourceTree = "<group>"; };
		2632F46625F0451E006B7366 /* smTest-Bridging-Header.h */ = {isa = PBXFileReference; lastKnownFileType = sourcecode.c.h; path = "smTest-Bridging-Header.h"; sourceTree = "<group>"; };
		2632F47C25F05BC8006B7366 /* EditDataController.swift */ = {isa = PBXFileReference; lastKnownFileType = sourcecode.swift; path = EditDataController.swift; sourceTree = "<group>"; };
		2645C16828F4213300F1FE93 /* GPUTextureCalculate.framework */ = {isa = PBXFileReference; lastKnownFileType = wrapper.framework; path = GPUTextureCalculate.framework; sourceTree = "<group>"; };
		2660EA9928F8A4AB00BA13CE /* DataManagement.swift */ = {isa = PBXFileReference; lastKnownFileType = sourcecode.swift; path = DataManagement.swift; sourceTree = "<group>"; };
		26641EC7256C4BEA00FBBDF2 /* MarkerPopOverController.swift */ = {isa = PBXFileReference; lastKnownFileType = sourcecode.swift; path = MarkerPopOverController.swift; sourceTree = "<group>"; };
		2671B5F42919CA6600612186 /* NewBuildTextureMeshNode.swift */ = {isa = PBXFileReference; lastKnownFileType = sourcecode.swift; path = NewBuildTextureMeshNode.swift; sourceTree = "<group>"; };
		2682062E25C3F7BC00519E42 /* Renderer.swift */ = {isa = PBXFileReference; lastKnownFileType = sourcecode.swift; path = Renderer.swift; sourceTree = "<group>"; };
		26AAA1ED2563C802008FE5EB /* ARSystem.app */ = {isa = PBXFileReference; explicitFileType = wrapper.application; includeInIndex = 0; path = ARSystem.app; sourceTree = BUILT_PRODUCTS_DIR; };
		26AAA1F02563C802008FE5EB /* AppDelegate.swift */ = {isa = PBXFileReference; lastKnownFileType = sourcecode.swift; path = AppDelegate.swift; sourceTree = "<group>"; };
		26AAA1F42563C802008FE5EB /* Experience.rcproject */ = {isa = PBXFileReference; lastKnownFileType = file.rcproject; path = Experience.rcproject; sourceTree = "<group>"; };
		26AAA1F92563C804008FE5EB /* Assets.xcassets */ = {isa = PBXFileReference; lastKnownFileType = folder.assetcatalog; path = Assets.xcassets; sourceTree = "<group>"; };
		26AAA1FC2563C804008FE5EB /* Base */ = {isa = PBXFileReference; lastKnownFileType = file.storyboard; name = Base; path = Base.lproj/LaunchScreen.storyboard; sourceTree = "<group>"; };
		26AAA1FE2563C804008FE5EB /* Info.plist */ = {isa = PBXFileReference; lastKnownFileType = text.plist.xml; path = Info.plist; sourceTree = "<group>"; };
		26AAA2282563C995008FE5EB /* EditDataChoiceController.swift */ = {isa = PBXFileReference; fileEncoding = 4; lastKnownFileType = sourcecode.swift; path = EditDataChoiceController.swift; sourceTree = "<group>"; };
		26AAA22F2563C996008FE5EB /* PopOverController.swift */ = {isa = PBXFileReference; fileEncoding = 4; lastKnownFileType = sourcecode.swift; path = PopOverController.swift; sourceTree = "<group>"; };
		26AAA2342563C996008FE5EB /* Information.swift */ = {isa = PBXFileReference; fileEncoding = 4; lastKnownFileType = sourcecode.swift; path = Information.swift; sourceTree = "<group>"; };
		26AAA2352563C997008FE5EB /* MakeNavigationController.swift */ = {isa = PBXFileReference; fileEncoding = 4; lastKnownFileType = sourcecode.swift; path = MakeNavigationController.swift; sourceTree = "<group>"; };
		26AAA23E2563C997008FE5EB /* MenuController.swift */ = {isa = PBXFileReference; fileEncoding = 4; lastKnownFileType = sourcecode.swift; path = MenuController.swift; sourceTree = "<group>"; };
		26AAA2432563C998008FE5EB /* ChoiceDataAllCheckController.swift */ = {isa = PBXFileReference; fileEncoding = 4; lastKnownFileType = sourcecode.swift; path = ChoiceDataAllCheckController.swift; sourceTree = "<group>"; };
		26AAA26B2563CAC9008FE5EB /* art.scnassets */ = {isa = PBXFileReference; lastKnownFileType = wrapper.scnassets; path = art.scnassets; sourceTree = "<group>"; };
		26C60977290B0293006B00A2 /* MappingSupport.framework */ = {isa = PBXFileReference; lastKnownFileType = wrapper.framework; path = MappingSupport.framework; sourceTree = "<group>"; };
		851C3C7C92CEC202D1EAE04E /* Pods-ARSystem.release.xcconfig */ = {isa = PBXFileReference; includeInIndex = 1; lastKnownFileType = text.xcconfig; name = "Pods-ARSystem.release.xcconfig"; path = "Target Support Files/Pods-ARSystem/Pods-ARSystem.release.xcconfig"; sourceTree = "<group>"; };
		A6A1ACF34415CD790884183E /* Pods_ARSystem.framework */ = {isa = PBXFileReference; explicitFileType = wrapper.framework; includeInIndex = 0; path = Pods_ARSystem.framework; sourceTree = BUILT_PRODUCTS_DIR; };
		C2651401475C7DF9B4A3C39D /* Pods-ARSystem.debug.xcconfig */ = {isa = PBXFileReference; includeInIndex = 1; lastKnownFileType = text.xcconfig; name = "Pods-ARSystem.debug.xcconfig"; path = "Target Support Files/Pods-ARSystem/Pods-ARSystem.debug.xcconfig"; sourceTree = "<group>"; };
		CF0250D926380953003790E8 /* ObjectDataSource.swift */ = {isa = PBXFileReference; lastKnownFileType = sourcecode.swift; path = ObjectDataSource.swift; sourceTree = "<group>"; };
		CF0BAFE7281C739B004086C8 /* VRView.storyboard */ = {isa = PBXFileReference; lastKnownFileType = file.storyboard; path = VRView.storyboard; sourceTree = "<group>"; };
		CF0BAFEB281C7C9C004086C8 /* VRViewController.swift */ = {isa = PBXFileReference; lastKnownFileType = sourcecode.swift; path = VRViewController.swift; sourceTree = "<group>"; };
		CF0BAFED281C8593004086C8 /* WebSocketProvider.swift */ = {isa = PBXFileReference; fileEncoding = 4; lastKnownFileType = sourcecode.swift; path = WebSocketProvider.swift; sourceTree = "<group>"; };
		CF0BAFEE281C8593004086C8 /* SignalingClient.swift */ = {isa = PBXFileReference; fileEncoding = 4; lastKnownFileType = sourcecode.swift; path = SignalingClient.swift; sourceTree = "<group>"; };
		CF0BAFF0281C8593004086C8 /* Config.swift */ = {isa = PBXFileReference; fileEncoding = 4; lastKnownFileType = sourcecode.swift; path = Config.swift; sourceTree = "<group>"; };
		CF0BAFF2281C8594004086C8 /* Message.swift */ = {isa = PBXFileReference; fileEncoding = 4; lastKnownFileType = sourcecode.swift; path = Message.swift; sourceTree = "<group>"; };
		CF0BAFF3281C8594004086C8 /* WebRTCClient.swift */ = {isa = PBXFileReference; fileEncoding = 4; lastKnownFileType = sourcecode.swift; path = WebRTCClient.swift; sourceTree = "<group>"; };
		CF0BAFFB281C8626004086C8 /* NativeWebSocket.swift */ = {isa = PBXFileReference; fileEncoding = 4; lastKnownFileType = sourcecode.swift; path = NativeWebSocket.swift; sourceTree = "<group>"; };
		CF0BAFFD281C8C95004086C8 /* IceCandidate.swift */ = {isa = PBXFileReference; fileEncoding = 4; lastKnownFileType = sourcecode.swift; path = IceCandidate.swift; sourceTree = "<group>"; };
		CF0BAFFE281C8C95004086C8 /* RTCStates.swift */ = {isa = PBXFileReference; fileEncoding = 4; lastKnownFileType = sourcecode.swift; path = RTCStates.swift; sourceTree = "<group>"; };
		CF0BAFFF281C8C95004086C8 /* SessionDescription.swift */ = {isa = PBXFileReference; fileEncoding = 4; lastKnownFileType = sourcecode.swift; path = SessionDescription.swift; sourceTree = "<group>"; };
		CF0BB003281C8F8D004086C8 /* opencv2.framework */ = {isa = PBXFileReference; lastKnownFileType = wrapper.framework; path = opencv2.framework; sourceTree = "<group>"; };
		CF0BB05E281D4B7A004086C8 /* VideoViewController.swift */ = {isa = PBXFileReference; lastKnownFileType = sourcecode.swift; path = VideoViewController.swift; sourceTree = "<group>"; };
		CF0BB063281D763E004086C8 /* VideoView.storyboard */ = {isa = PBXFileReference; lastKnownFileType = file.storyboard; path = VideoView.storyboard; sourceTree = "<group>"; };
		CF0BB066281D8025004086C8 /* VideoView.swift */ = {isa = PBXFileReference; lastKnownFileType = sourcecode.swift; path = VideoView.swift; sourceTree = "<group>"; };
		CF13205727223CD400277339 /* ObjectOrigin.swift */ = {isa = PBXFileReference; lastKnownFileType = sourcecode.swift; path = ObjectOrigin.swift; sourceTree = "<group>"; };
		CF216BAA28557B790099F607 /* CollaboVR.storyboard */ = {isa = PBXFileReference; lastKnownFileType = file.storyboard; path = CollaboVR.storyboard; sourceTree = "<group>"; };
		CF216BAC28557C900099F607 /* CollaboAR.storyboard */ = {isa = PBXFileReference; lastKnownFileType = file.storyboard; path = CollaboAR.storyboard; sourceTree = "<group>"; };
		CF2210A7283D41EF00AA5C83 /* ChoiceData.storyboard */ = {isa = PBXFileReference; lastKnownFileType = file.storyboard; path = ChoiceData.storyboard; sourceTree = "<group>"; };
		CF2210A9283D42C200AA5C83 /* ChoiceData.swift */ = {isa = PBXFileReference; lastKnownFileType = sourcecode.swift; path = ChoiceData.swift; sourceTree = "<group>"; };
		CF30EF47262BAF5000C13B66 /* PopOver.storyboard */ = {isa = PBXFileReference; lastKnownFileType = file.storyboard; path = PopOver.storyboard; sourceTree = "<group>"; };
		CF30EF5A262C9C6600C13B66 /* SwitchPopOver.swift */ = {isa = PBXFileReference; lastKnownFileType = sourcecode.swift; path = SwitchPopOver.swift; sourceTree = "<group>"; };
		CF30EF5F262C9CC000C13B66 /* MenuDataSource.swift */ = {isa = PBXFileReference; lastKnownFileType = sourcecode.swift; path = MenuDataSource.swift; sourceTree = "<group>"; };
		CF30EF64262CB39D00C13B66 /* CheckDataController.swift */ = {isa = PBXFileReference; lastKnownFileType = sourcecode.swift; path = CheckDataController.swift; sourceTree = "<group>"; };
		CF3D8060262B518F007904E6 /* Menu.storyboard */ = {isa = PBXFileReference; lastKnownFileType = file.storyboard; path = Menu.storyboard; sourceTree = "<group>"; };
		CF3D8080262B8803007904E6 /* MakeNavigation.storyboard */ = {isa = PBXFileReference; lastKnownFileType = file.storyboard; path = MakeNavigation.storyboard; sourceTree = "<group>"; };
		CF3D80A2262B90F2007904E6 /* EditData.storyboard */ = {isa = PBXFileReference; lastKnownFileType = file.storyboard; path = EditData.storyboard; sourceTree = "<group>"; };
		CF3D80AE262B954D007904E6 /* CheckAllData.storyboard */ = {isa = PBXFileReference; lastKnownFileType = file.storyboard; path = CheckAllData.storyboard; sourceTree = "<group>"; };
		CF3D80B3262B9618007904E6 /* CheckDataChoiceController.swift */ = {isa = PBXFileReference; lastKnownFileType = sourcecode.swift; path = CheckDataChoiceController.swift; sourceTree = "<group>"; };
		CF3E928327532A670029C166 /* depth_Renderer.swift */ = {isa = PBXFileReference; lastKnownFileType = sourcecode.swift; path = depth_Renderer.swift; sourceTree = "<group>"; };
		CF642826284DF85B00B17107 /* Data_to_Cloud.swift */ = {isa = PBXFileReference; lastKnownFileType = sourcecode.swift; path = Data_to_Cloud.swift; sourceTree = "<group>"; };
		CF666308283457CA0012F0DB /* CameraNode.swift */ = {isa = PBXFileReference; lastKnownFileType = sourcecode.swift; path = CameraNode.swift; sourceTree = "<group>"; };
		CF688B932736844A00F863AF /* StructInfo.swift */ = {isa = PBXFileReference; lastKnownFileType = sourcecode.swift; path = StructInfo.swift; sourceTree = "<group>"; };
		CF6BC31B262AE65300E9B083 /* AddDataCellChoice.storyboard */ = {isa = PBXFileReference; lastKnownFileType = file.storyboard; path = AddDataCellChoice.storyboard; sourceTree = "<group>"; };
		CF6BC320262AE7D900E9B083 /* AddDataCellChoiceController.swift */ = {isa = PBXFileReference; lastKnownFileType = sourcecode.swift; path = AddDataCellChoiceController.swift; sourceTree = "<group>"; };
		CF8804A627BECAD500146230 /* ColabVRViewController.swift */ = {isa = PBXFileReference; lastKnownFileType = sourcecode.swift; path = ColabVRViewController.swift; sourceTree = "<group>"; };
		CF8804A827BF0BC700146230 /* ColabARViewController.swift */ = {isa = PBXFileReference; lastKnownFileType = sourcecode.swift; path = ColabARViewController.swift; sourceTree = "<group>"; };
		CF966148280D9F5900D4C8BA /* SCNGeometry+Ext.swift */ = {isa = PBXFileReference; lastKnownFileType = sourcecode.swift; path = "SCNGeometry+Ext.swift"; sourceTree = "<group>"; };
		CF96614A280DA2AA00D4C8BA /* BuildPointCloud.swift */ = {isa = PBXFileReference; lastKnownFileType = sourcecode.swift; path = BuildPointCloud.swift; sourceTree = "<group>"; };
		CF96614C280DA44500D4C8BA /* Multipeer+Ext.swift */ = {isa = PBXFileReference; lastKnownFileType = sourcecode.swift; path = "Multipeer+Ext.swift"; sourceTree = "<group>"; };
		CF966152280EAD6800D4C8BA /* ObjectOriginAxis.swift */ = {isa = PBXFileReference; lastKnownFileType = sourcecode.swift; path = ObjectOriginAxis.swift; sourceTree = "<group>"; };
		CF966154280EB7A200D4C8BA /* OperateObject.swift */ = {isa = PBXFileReference; lastKnownFileType = sourcecode.swift; path = OperateObject.swift; sourceTree = "<group>"; };
		CF96615A280F237E00D4C8BA /* LightNode.swift */ = {isa = PBXFileReference; lastKnownFileType = sourcecode.swift; path = LightNode.swift; sourceTree = "<group>"; };
		CF96615C280F24B100D4C8BA /* ArrowNode.swift */ = {isa = PBXFileReference; lastKnownFileType = sourcecode.swift; path = ArrowNode.swift; sourceTree = "<group>"; };
		CF96615E280F360800D4C8BA /* TextureImage.swift */ = {isa = PBXFileReference; lastKnownFileType = sourcecode.swift; path = TextureImage.swift; sourceTree = "<group>"; };
		CF966160280F3DE100D4C8BA /* BuildMeshNode.swift */ = {isa = PBXFileReference; lastKnownFileType = sourcecode.swift; path = BuildMeshNode.swift; sourceTree = "<group>"; };
		CF966162280F4E9200D4C8BA /* BuildTextureMeshNode.swift */ = {isa = PBXFileReference; lastKnownFileType = sourcecode.swift; path = BuildTextureMeshNode.swift; sourceTree = "<group>"; };
		CF966168280FD32E00D4C8BA /* GPUCalculateTexture.swift */ = {isa = PBXFileReference; lastKnownFileType = sourcecode.swift; path = GPUCalculateTexture.swift; sourceTree = "<group>"; };
		CF96616A2810021F00D4C8BA /* CPUCalculateTexture.swift */ = {isa = PBXFileReference; lastKnownFileType = sourcecode.swift; path = CPUCalculateTexture.swift; sourceTree = "<group>"; };
		CFD8ADAF282CABD000B51766 /* GoogleService-Info.plist */ = {isa = PBXFileReference; fileEncoding = 4; lastKnownFileType = text.plist.xml; path = "GoogleService-Info.plist"; sourceTree = "<group>"; };
		CFE717EA281130C200B55073 /* ViewManagement.swift */ = {isa = PBXFileReference; lastKnownFileType = sourcecode.swift; path = ViewManagement.swift; sourceTree = "<group>"; };
/* End PBXFileReference section */

/* Begin PBXFrameworksBuildPhase section */
		26AAA1EA2563C802008FE5EB /* Frameworks */ = {
			isa = PBXFrameworksBuildPhase;
			buildActionMask = 2147483647;
			files = (
				2645C16A28F4214000F1FE93 /* GPUTextureCalculate.framework in Frameworks */,
				26C60979290B029A006B00A2 /* MappingSupport.framework in Frameworks */,
				CF0BB004281C8F8D004086C8 /* opencv2.framework in Frameworks */,
				8E6EE9183E418AD5051924D8 /* Pods_ARSystem.framework in Frameworks */,
			);
			runOnlyForDeploymentPostprocessing = 0;
		};
/* End PBXFrameworksBuildPhase section */

/* Begin PBXGroup section */
		260D431227CE3EC90020039E /* CheckData */ = {
			isa = PBXGroup;
			children = (
				260D431327CE3F160020039E /* CheckData.storyboard */,
				260D431527CE3FD80020039E /* CheckDataViewController.swift */,
				260D431727CE4D690020039E /* CheckRenderer.swift */,
			);
			path = CheckData;
			sourceTree = "<group>";
		};
		2660EA9828F8A40D00BA13CE /* DataManagement */ = {
			isa = PBXGroup;
			children = (
				2660EA9928F8A4AB00BA13CE /* DataManagement.swift */,
			);
			path = DataManagement;
			sourceTree = "<group>";
		};
		26AAA1E42563C802008FE5EB = {
			isa = PBXGroup;
			children = (
				26AAA1EF2563C802008FE5EB /* ARSystem */,
				26AAA1EE2563C802008FE5EB /* Products */,
				E914FFD664097DFA55085E20 /* Pods */,
				F3C606179090637BE8364334 /* Frameworks */,
			);
			sourceTree = "<group>";
		};
		26AAA1EE2563C802008FE5EB /* Products */ = {
			isa = PBXGroup;
			children = (
				26AAA1ED2563C802008FE5EB /* ARSystem.app */,
			);
			name = Products;
			sourceTree = "<group>";
		};
		26AAA1EF2563C802008FE5EB /* ARSystem */ = {
			isa = PBXGroup;
			children = (
				26AAA1F02563C802008FE5EB /* AppDelegate.swift */,
				26AAA2342563C996008FE5EB /* Information.swift */,
				CF688B932736844A00F863AF /* StructInfo.swift */,
				CFE717EA281130C200B55073 /* ViewManagement.swift */,
				CF3D805F262B50B7007904E6 /* ScanMakeMap */,
				CF30EF46262BAF0A00C13B66 /* AllPopOver */,
				26AAA1F92563C804008FE5EB /* Assets.xcassets */,
				26AAA26B2563CAC9008FE5EB /* art.scnassets */,
				26AAA1FE2563C804008FE5EB /* Info.plist */,
				CFD8ADAF282CABD000B51766 /* GoogleService-Info.plist */,
				26AAA1FB2563C804008FE5EB /* LaunchScreen.storyboard */,
				26AAA1F42563C802008FE5EB /* Experience.rcproject */,
			);
			path = ARSystem;
			sourceTree = "<group>";
		};
		CF0BAFE6281C6F6A004086C8 /* CollaboWebRTC */ = {
			isa = PBXGroup;
			children = (
				CF0BAFE7281C739B004086C8 /* VRView.storyboard */,
				CF0BAFEB281C7C9C004086C8 /* VRViewController.swift */,
				CF0BB066281D8025004086C8 /* VideoView.swift */,
				CF25A2DC2859DB7700DC7C35 /* WebRTC */,
			);
			path = CollaboWebRTC;
			sourceTree = "<group>";
		};
		CF0BB005281D1592004086C8 /* Ex */ = {
			isa = PBXGroup;
			children = (
				CF0BAFFD281C8C95004086C8 /* IceCandidate.swift */,
				CF0BAFFE281C8C95004086C8 /* RTCStates.swift */,
				CF0BAFFF281C8C95004086C8 /* SessionDescription.swift */,
			);
			path = Ex;
			sourceTree = "<group>";
		};
		CF0BB006281D15F3004086C8 /* WebSocketProvider */ = {
			isa = PBXGroup;
			children = (
				CF0BAFED281C8593004086C8 /* WebSocketProvider.swift */,
				CF0BAFFB281C8626004086C8 /* NativeWebSocket.swift */,
			);
			path = WebSocketProvider;
			sourceTree = "<group>";
		};
		CF0BB065281D7689004086C8 /* Video */ = {
			isa = PBXGroup;
			children = (
				CF0BB063281D763E004086C8 /* VideoView.storyboard */,
				CF0BB05E281D4B7A004086C8 /* VideoViewController.swift */,
			);
			path = Video;
			sourceTree = "<group>";
		};
		CF216BA828557B330099F607 /* AR */ = {
			isa = PBXGroup;
			children = (
				CF8804A827BF0BC700146230 /* ColabARViewController.swift */,
				CF216BAC28557C900099F607 /* CollaboAR.storyboard */,
			);
			path = AR;
			sourceTree = "<group>";
		};
		CF216BA928557B460099F607 /* VR */ = {
			isa = PBXGroup;
			children = (
				CF8804A627BECAD500146230 /* ColabVRViewController.swift */,
				CF216BAA28557B790099F607 /* CollaboVR.storyboard */,
			);
			path = VR;
			sourceTree = "<group>";
		};
		CF2210A6283D41C900AA5C83 /* ReMap */ = {
			isa = PBXGroup;
			children = (
				CF2210A7283D41EF00AA5C83 /* ChoiceData.storyboard */,
				CF2210A9283D42C200AA5C83 /* ChoiceData.swift */,
			);
			path = ReMap;
			sourceTree = "<group>";
		};
		CF25A2DC2859DB7700DC7C35 /* WebRTC */ = {
			isa = PBXGroup;
			children = (
				CF0BB065281D7689004086C8 /* Video */,
				CF0BAFF0281C8593004086C8 /* Config.swift */,
				CF0BAFF2281C8594004086C8 /* Message.swift */,
				CF0BAFEE281C8593004086C8 /* SignalingClient.swift */,
				CF0BAFF3281C8594004086C8 /* WebRTCClient.swift */,
				CF0BB006281D15F3004086C8 /* WebSocketProvider */,
				CF0BB005281D1592004086C8 /* Ex */,
			);
			path = WebRTC;
			sourceTree = "<group>";
		};
		CF30EF46262BAF0A00C13B66 /* AllPopOver */ = {
			isa = PBXGroup;
			children = (
				CF30EF47262BAF5000C13B66 /* PopOver.storyboard */,
				26641EC7256C4BEA00FBBDF2 /* MarkerPopOverController.swift */,
				CF0250D926380953003790E8 /* ObjectDataSource.swift */,
				26AAA22F2563C996008FE5EB /* PopOverController.swift */,
				CF30EF5A262C9C6600C13B66 /* SwitchPopOver.swift */,
				CF30EF5F262C9CC000C13B66 /* MenuDataSource.swift */,
			);
			path = AllPopOver;
			sourceTree = "<group>";
		};
		CF3D805F262B50B7007904E6 /* ScanMakeMap */ = {
			isa = PBXGroup;
			children = (
				CF3D8060262B518F007904E6 /* Menu.storyboard */,
				26AAA23E2563C997008FE5EB /* MenuController.swift */,
				CF3D807F262B87DC007904E6 /* MakeNavigation */,
				CF3D809E262B907D007904E6 /* EditData */,
				CF96614F280DA8A300D4C8BA /* Collaboration */,
				CF3D80AD262B9523007904E6 /* CheckAllData */,
			);
			path = ScanMakeMap;
			sourceTree = "<group>";
		};
		CF3D807F262B87DC007904E6 /* MakeNavigation */ = {
			isa = PBXGroup;
			children = (
				CF3D8080262B8803007904E6 /* MakeNavigation.storyboard */,
				26AAA2352563C997008FE5EB /* MakeNavigationController.swift */,
				CF966148280D9F5900D4C8BA /* SCNGeometry+Ext.swift */,
				2660EA9828F8A40D00BA13CE /* DataManagement */,
				CF3D808E262B8C64007904E6 /* Renderer */,
				260D431227CE3EC90020039E /* CheckData */,
				CF2210A6283D41C900AA5C83 /* ReMap */,
				CF6BC314262AE43700E9B083 /* AddDataToCell */,
			);
			path = MakeNavigation;
			sourceTree = "<group>";
		};
		CF3D808E262B8C64007904E6 /* Renderer */ = {
			isa = PBXGroup;
			children = (
				2682062E25C3F7BC00519E42 /* Renderer.swift */,
				CF3E928327532A670029C166 /* depth_Renderer.swift */,
				2632F45325F04193006B7366 /* Shaders.metal */,
				2632F45925F0420A006B7366 /* MetalBuffer.swift */,
				2632F45825F041DF006B7366 /* ShaderTypes.h */,
				2632F46625F0451E006B7366 /* smTest-Bridging-Header.h */,
				2632F46125F04482006B7366 /* Helpers.swift */,
			);
			path = Renderer;
			sourceTree = "<group>";
		};
		CF3D809E262B907D007904E6 /* EditData */ = {
			isa = PBXGroup;
			children = (
				CF3D80A2262B90F2007904E6 /* EditData.storyboard */,
				CF642826284DF85B00B17107 /* Data_to_Cloud.swift */,
				26AAA2282563C995008FE5EB /* EditDataChoiceController.swift */,
				2632F47C25F05BC8006B7366 /* EditDataController.swift */,
				CF96615E280F360800D4C8BA /* TextureImage.swift */,
				CF966154280EB7A200D4C8BA /* OperateObject.swift */,
				CF96614C280DA44500D4C8BA /* Multipeer+Ext.swift */,
				CF966166280F5AE400D4C8BA /* Calculate */,
				CF966165280F5AA700D4C8BA /* BuildNode */,
				CF966167280F5B2600D4C8BA /* ObjectOrigin */,
			);
			path = EditData;
			sourceTree = "<group>";
		};
		CF3D80AD262B9523007904E6 /* CheckAllData */ = {
			isa = PBXGroup;
			children = (
				CF3D80AE262B954D007904E6 /* CheckAllData.storyboard */,
				CF3D80B3262B9618007904E6 /* CheckDataChoiceController.swift */,
				26AAA2432563C998008FE5EB /* ChoiceDataAllCheckController.swift */,
				CF30EF64262CB39D00C13B66 /* CheckDataController.swift */,
			);
			path = CheckAllData;
			sourceTree = "<group>";
		};
		CF6BC314262AE43700E9B083 /* AddDataToCell */ = {
			isa = PBXGroup;
			children = (
				CF6BC31B262AE65300E9B083 /* AddDataCellChoice.storyboard */,
				CF6BC320262AE7D900E9B083 /* AddDataCellChoiceController.swift */,
			);
			path = AddDataToCell;
			sourceTree = "<group>";
		};
		CF96614F280DA8A300D4C8BA /* Collaboration */ = {
			isa = PBXGroup;
			children = (
				CF216BA928557B460099F607 /* VR */,
				CF216BA828557B330099F607 /* AR */,
				CF0BAFE6281C6F6A004086C8 /* CollaboWebRTC */,
			);
			path = Collaboration;
			sourceTree = "<group>";
		};
		CF966165280F5AA700D4C8BA /* BuildNode */ = {
			isa = PBXGroup;
			children = (
				CF96615A280F237E00D4C8BA /* LightNode.swift */,
				CF666308283457CA0012F0DB /* CameraNode.swift */,
				CF966160280F3DE100D4C8BA /* BuildMeshNode.swift */,
				CF966162280F4E9200D4C8BA /* BuildTextureMeshNode.swift */,
				2671B5F42919CA6600612186 /* NewBuildTextureMeshNode.swift */,
				CF96615C280F24B100D4C8BA /* ArrowNode.swift */,
				CF96614A280DA2AA00D4C8BA /* BuildPointCloud.swift */,
			);
			path = BuildNode;
			sourceTree = "<group>";
		};
		CF966166280F5AE400D4C8BA /* Calculate */ = {
			isa = PBXGroup;
			children = (
				CF96616A2810021F00D4C8BA /* CPUCalculateTexture.swift */,
				CF966168280FD32E00D4C8BA /* GPUCalculateTexture.swift */,
				262D694E275DEC6F00E7EE12 /* CalculateRenderer.swift */,
			);
			path = Calculate;
			sourceTree = "<group>";
		};
		CF966167280F5B2600D4C8BA /* ObjectOrigin */ = {
			isa = PBXGroup;
			children = (
				CF966152280EAD6800D4C8BA /* ObjectOriginAxis.swift */,
				CF13205727223CD400277339 /* ObjectOrigin.swift */,
			);
			path = ObjectOrigin;
			sourceTree = "<group>";
		};
		E914FFD664097DFA55085E20 /* Pods */ = {
			isa = PBXGroup;
			children = (
				C2651401475C7DF9B4A3C39D /* Pods-ARSystem.debug.xcconfig */,
				851C3C7C92CEC202D1EAE04E /* Pods-ARSystem.release.xcconfig */,
			);
			path = Pods;
			sourceTree = "<group>";
		};
		F3C606179090637BE8364334 /* Frameworks */ = {
			isa = PBXGroup;
			children = (
				2645C16828F4213300F1FE93 /* GPUTextureCalculate.framework */,
				26C60977290B0293006B00A2 /* MappingSupport.framework */,
				CF0BB003281C8F8D004086C8 /* opencv2.framework */,
				A6A1ACF34415CD790884183E /* Pods_ARSystem.framework */,
			);
			name = Frameworks;
			sourceTree = "<group>";
		};
/* End PBXGroup section */

/* Begin PBXNativeTarget section */
		26AAA1EC2563C802008FE5EB /* ARSystem */ = {
			isa = PBXNativeTarget;
			buildConfigurationList = 26AAA2172563C804008FE5EB /* Build configuration list for PBXNativeTarget "ARSystem" */;
			buildPhases = (
				D2425C9DFAB4BCF3CFCAB9C9 /* [CP] Check Pods Manifest.lock */,
				26AAA1E92563C802008FE5EB /* Sources */,
				26AAA1EA2563C802008FE5EB /* Frameworks */,
				26AAA1EB2563C802008FE5EB /* Resources */,
				26D73F3194AFFFA188ECF576 /* [CP] Embed Pods Frameworks */,
				CF0BB009281D16DE004086C8 /* Embed Frameworks */,
			);
			buildRules = (
			);
			dependencies = (
			);
			name = ARSystem;
			productName = ARMeshNavigation;
			productReference = 26AAA1ED2563C802008FE5EB /* ARSystem.app */;
			productType = "com.apple.product-type.application";
		};
/* End PBXNativeTarget section */

/* Begin PBXProject section */
		26AAA1E52563C802008FE5EB /* Project object */ = {
			isa = PBXProject;
			attributes = {
				LastSwiftUpdateCheck = 1220;
				LastUpgradeCheck = 1220;
				TargetAttributes = {
					26AAA1EC2563C802008FE5EB = {
						CreatedOnToolsVersion = 12.2;
					};
				};
			};
			buildConfigurationList = 26AAA1E82563C802008FE5EB /* Build configuration list for PBXProject "ARSystem" */;
			compatibilityVersion = "Xcode 9.3";
			developmentRegion = en;
			hasScannedForEncodings = 0;
			knownRegions = (
				en,
				Base,
			);
			mainGroup = 26AAA1E42563C802008FE5EB;
			productRefGroup = 26AAA1EE2563C802008FE5EB /* Products */;
			projectDirPath = "";
			projectRoot = "";
			targets = (
				26AAA1EC2563C802008FE5EB /* ARSystem */,
			);
		};
/* End PBXProject section */

/* Begin PBXResourcesBuildPhase section */
		26AAA1EB2563C802008FE5EB /* Resources */ = {
			isa = PBXResourcesBuildPhase;
			buildActionMask = 2147483647;
			files = (
				CF30EF48262BAF5000C13B66 /* PopOver.storyboard in Resources */,
				CF0BAFE8281C739B004086C8 /* VRView.storyboard in Resources */,
				26AAA1FD2563C804008FE5EB /* LaunchScreen.storyboard in Resources */,
				26AAA26C2563CAC9008FE5EB /* art.scnassets in Resources */,
				CF6BC31C262AE65300E9B083 /* AddDataCellChoice.storyboard in Resources */,
				CF0BB064281D763E004086C8 /* VideoView.storyboard in Resources */,
				CF216BAD28557C900099F607 /* CollaboAR.storyboard in Resources */,
				CF2210A8283D41EF00AA5C83 /* ChoiceData.storyboard in Resources */,
				CF3D80AF262B954D007904E6 /* CheckAllData.storyboard in Resources */,
				26AAA1FA2563C804008FE5EB /* Assets.xcassets in Resources */,
				260D431427CE3F160020039E /* CheckData.storyboard in Resources */,
				CF3D80A3262B90F2007904E6 /* EditData.storyboard in Resources */,
				CFD8ADB0282CABD100B51766 /* GoogleService-Info.plist in Resources */,
				CF216BAB28557B790099F607 /* CollaboVR.storyboard in Resources */,
				CF3D8081262B8803007904E6 /* MakeNavigation.storyboard in Resources */,
				CF3D8061262B518F007904E6 /* Menu.storyboard in Resources */,
			);
			runOnlyForDeploymentPostprocessing = 0;
		};
/* End PBXResourcesBuildPhase section */

/* Begin PBXShellScriptBuildPhase section */
		26D73F3194AFFFA188ECF576 /* [CP] Embed Pods Frameworks */ = {
			isa = PBXShellScriptBuildPhase;
			buildActionMask = 2147483647;
			files = (
			);
			inputFileListPaths = (
				"${PODS_ROOT}/Target Support Files/Pods-ARSystem/Pods-ARSystem-frameworks-${CONFIGURATION}-input-files.xcfilelist",
			);
			name = "[CP] Embed Pods Frameworks";
			outputFileListPaths = (
				"${PODS_ROOT}/Target Support Files/Pods-ARSystem/Pods-ARSystem-frameworks-${CONFIGURATION}-output-files.xcfilelist",
			);
			runOnlyForDeploymentPostprocessing = 0;
			shellPath = /bin/sh;
			shellScript = "\"${PODS_ROOT}/Target Support Files/Pods-ARSystem/Pods-ARSystem-frameworks.sh\"\n";
			showEnvVarsInLog = 0;
		};
		D2425C9DFAB4BCF3CFCAB9C9 /* [CP] Check Pods Manifest.lock */ = {
			isa = PBXShellScriptBuildPhase;
			buildActionMask = 2147483647;
			files = (
			);
			inputFileListPaths = (
			);
			inputPaths = (
				"${PODS_PODFILE_DIR_PATH}/Podfile.lock",
				"${PODS_ROOT}/Manifest.lock",
			);
			name = "[CP] Check Pods Manifest.lock";
			outputFileListPaths = (
			);
			outputPaths = (
				"$(DERIVED_FILE_DIR)/Pods-ARSystem-checkManifestLockResult.txt",
			);
			runOnlyForDeploymentPostprocessing = 0;
			shellPath = /bin/sh;
			shellScript = "diff \"${PODS_PODFILE_DIR_PATH}/Podfile.lock\" \"${PODS_ROOT}/Manifest.lock\" > /dev/null\nif [ $? != 0 ] ; then\n    # print error to STDERR\n    echo \"error: The sandbox is not in sync with the Podfile.lock. Run 'pod install' or update your CocoaPods installation.\" >&2\n    exit 1\nfi\n# This output is used by Xcode 'outputs' to avoid re-running this script phase.\necho \"SUCCESS\" > \"${SCRIPT_OUTPUT_FILE_0}\"\n";
			showEnvVarsInLog = 0;
		};
/* End PBXShellScriptBuildPhase section */

/* Begin PBXSourcesBuildPhase section */
		26AAA1E92563C802008FE5EB /* Sources */ = {
			isa = PBXSourcesBuildPhase;
			buildActionMask = 2147483647;
			files = (
				2632F46225F04482006B7366 /* Helpers.swift in Sources */,
				CF3D80B4262B9618007904E6 /* CheckDataChoiceController.swift in Sources */,
				CF13205827223CD400277339 /* ObjectOrigin.swift in Sources */,
				CF0BAFF9281C8594004086C8 /* Message.swift in Sources */,
				CF0BB001281C8C95004086C8 /* RTCStates.swift in Sources */,
				26AAA2552563C998008FE5EB /* Information.swift in Sources */,
				CF30EF60262C9CC000C13B66 /* MenuDataSource.swift in Sources */,
				CF0BAFEC281C7C9C004086C8 /* VRViewController.swift in Sources */,
				CF8804A727BECAD500146230 /* ColabVRViewController.swift in Sources */,
				CF688B942736844A00F863AF /* StructInfo.swift in Sources */,
				2632F47D25F05BC8006B7366 /* EditDataController.swift in Sources */,
				CF96616B2810021F00D4C8BA /* CPUCalculateTexture.swift in Sources */,
				CF0BB000281C8C95004086C8 /* IceCandidate.swift in Sources */,
				26AAA2492563C998008FE5EB /* EditDataChoiceController.swift in Sources */,
				260D431627CE3FD80020039E /* CheckDataViewController.swift in Sources */,
				CF642827284DF85C00B17107 /* Data_to_Cloud.swift in Sources */,
				CF0BB067281D8025004086C8 /* VideoView.swift in Sources */,
				260D431827CE4D690020039E /* CheckRenderer.swift in Sources */,
				CF966161280F3DE100D4C8BA /* BuildMeshNode.swift in Sources */,
				262D694F275DEC6F00E7EE12 /* CalculateRenderer.swift in Sources */,
				CF30EF5B262C9C6600C13B66 /* SwitchPopOver.swift in Sources */,
				CF3E928427532A670029C166 /* depth_Renderer.swift in Sources */,
				CF0BB002281C8C95004086C8 /* SessionDescription.swift in Sources */,
				CF966155280EB7A200D4C8BA /* OperateObject.swift in Sources */,
				CF0BB05F281D4B7A004086C8 /* VideoViewController.swift in Sources */,
				CF966169280FD32E00D4C8BA /* GPUCalculateTexture.swift in Sources */,
				CF96615D280F24B100D4C8BA /* ArrowNode.swift in Sources */,
				CF8804A927BF0BC700146230 /* ColabARViewController.swift in Sources */,
				CF666309283457CA0012F0DB /* CameraNode.swift in Sources */,
				2660EA9A28F8A4AB00BA13CE /* DataManagement.swift in Sources */,
				CF2210AA283D42C200AA5C83 /* ChoiceData.swift in Sources */,
				CFE717EB281130C200B55073 /* ViewManagement.swift in Sources */,
				CF966163280F4E9200D4C8BA /* BuildTextureMeshNode.swift in Sources */,
				CF30EF65262CB39D00C13B66 /* CheckDataController.swift in Sources */,
				26AAA2642563C998008FE5EB /* ChoiceDataAllCheckController.swift in Sources */,
				CF966153280EAD6800D4C8BA /* ObjectOriginAxis.swift in Sources */,
				2671B5F52919CA6700612186 /* NewBuildTextureMeshNode.swift in Sources */,
				CF0BAFFC281C8626004086C8 /* NativeWebSocket.swift in Sources */,
				CF96614B280DA2AA00D4C8BA /* BuildPointCloud.swift in Sources */,
				CF96614D280DA44500D4C8BA /* Multipeer+Ext.swift in Sources */,
				CF0BAFF5281C8594004086C8 /* SignalingClient.swift in Sources */,
				26641EC8256C4BEA00FBBDF2 /* MarkerPopOverController.swift in Sources */,
				2632F45425F04193006B7366 /* Shaders.metal in Sources */,
				CF6BC321262AE7D900E9B083 /* AddDataCellChoiceController.swift in Sources */,
				CF96615B280F237E00D4C8BA /* LightNode.swift in Sources */,
				26AAA2562563C998008FE5EB /* MakeNavigationController.swift in Sources */,
				26AAA1F12563C802008FE5EB /* AppDelegate.swift in Sources */,
				CF0250DA26380953003790E8 /* ObjectDataSource.swift in Sources */,
				2682062F25C3F7BC00519E42 /* Renderer.swift in Sources */,
				CF966149280D9F5900D4C8BA /* SCNGeometry+Ext.swift in Sources */,
				2632F45A25F0420A006B7366 /* MetalBuffer.swift in Sources */,
				26AAA2502563C998008FE5EB /* PopOverController.swift in Sources */,
				26AAA25F2563C998008FE5EB /* MenuController.swift in Sources */,
				CF0BAFF7281C8594004086C8 /* Config.swift in Sources */,
				CF0BAFF4281C8594004086C8 /* WebSocketProvider.swift in Sources */,
				26AAA1F52563C802008FE5EB /* Experience.rcproject in Sources */,
				CF96615F280F360800D4C8BA /* TextureImage.swift in Sources */,
				CF0BAFFA281C8594004086C8 /* WebRTCClient.swift in Sources */,
			);
			runOnlyForDeploymentPostprocessing = 0;
		};
/* End PBXSourcesBuildPhase section */

/* Begin PBXVariantGroup section */
		26AAA1FB2563C804008FE5EB /* LaunchScreen.storyboard */ = {
			isa = PBXVariantGroup;
			children = (
				26AAA1FC2563C804008FE5EB /* Base */,
			);
			name = LaunchScreen.storyboard;
			sourceTree = "<group>";
		};
/* End PBXVariantGroup section */

/* Begin XCBuildConfiguration section */
		26AAA2152563C804008FE5EB /* Debug */ = {
			isa = XCBuildConfiguration;
			buildSettings = {
				ALWAYS_SEARCH_USER_PATHS = NO;
				CLANG_ANALYZER_NONNULL = YES;
				CLANG_ANALYZER_NUMBER_OBJECT_CONVERSION = YES_AGGRESSIVE;
				CLANG_CXX_LANGUAGE_STANDARD = "gnu++14";
				CLANG_CXX_LIBRARY = "libc++";
				CLANG_ENABLE_MODULES = YES;
				CLANG_ENABLE_OBJC_ARC = YES;
				CLANG_ENABLE_OBJC_WEAK = YES;
				CLANG_WARN_BLOCK_CAPTURE_AUTORELEASING = YES;
				CLANG_WARN_BOOL_CONVERSION = YES;
				CLANG_WARN_COMMA = YES;
				CLANG_WARN_CONSTANT_CONVERSION = YES;
				CLANG_WARN_DEPRECATED_OBJC_IMPLEMENTATIONS = YES;
				CLANG_WARN_DIRECT_OBJC_ISA_USAGE = YES_ERROR;
				CLANG_WARN_DOCUMENTATION_COMMENTS = YES;
				CLANG_WARN_EMPTY_BODY = YES;
				CLANG_WARN_ENUM_CONVERSION = YES;
				CLANG_WARN_INFINITE_RECURSION = YES;
				CLANG_WARN_INT_CONVERSION = YES;
				CLANG_WARN_NON_LITERAL_NULL_CONVERSION = YES;
				CLANG_WARN_OBJC_IMPLICIT_RETAIN_SELF = YES;
				CLANG_WARN_OBJC_LITERAL_CONVERSION = YES;
				CLANG_WARN_OBJC_ROOT_CLASS = YES_ERROR;
				CLANG_WARN_QUOTED_INCLUDE_IN_FRAMEWORK_HEADER = YES;
				CLANG_WARN_RANGE_LOOP_ANALYSIS = YES;
				CLANG_WARN_STRICT_PROTOTYPES = YES;
				CLANG_WARN_SUSPICIOUS_MOVE = YES;
				CLANG_WARN_UNGUARDED_AVAILABILITY = YES_AGGRESSIVE;
				CLANG_WARN_UNREACHABLE_CODE = YES;
				CLANG_WARN__DUPLICATE_METHOD_MATCH = YES;
				COPY_PHASE_STRIP = NO;
				DEBUG_INFORMATION_FORMAT = dwarf;
				ENABLE_STRICT_OBJC_MSGSEND = YES;
				ENABLE_TESTABILITY = YES;
				GCC_C_LANGUAGE_STANDARD = gnu11;
				GCC_DYNAMIC_NO_PIC = NO;
				GCC_NO_COMMON_BLOCKS = YES;
				GCC_OPTIMIZATION_LEVEL = 0;
				GCC_PREPROCESSOR_DEFINITIONS = (
					"DEBUG=1",
					"$(inherited)",
				);
				GCC_WARN_64_TO_32_BIT_CONVERSION = YES;
				GCC_WARN_ABOUT_RETURN_TYPE = YES_ERROR;
				GCC_WARN_UNDECLARED_SELECTOR = YES;
				GCC_WARN_UNINITIALIZED_AUTOS = YES_AGGRESSIVE;
				GCC_WARN_UNUSED_FUNCTION = YES;
				GCC_WARN_UNUSED_VARIABLE = YES;
				IPHONEOS_DEPLOYMENT_TARGET = 14.2;
				MTL_ENABLE_DEBUG_INFO = INCLUDE_SOURCE;
				MTL_FAST_MATH = YES;
				ONLY_ACTIVE_ARCH = YES;
				SDKROOT = iphoneos;
				SWIFT_ACTIVE_COMPILATION_CONDITIONS = DEBUG;
				SWIFT_OPTIMIZATION_LEVEL = "-Onone";
			};
			name = Debug;
		};
		26AAA2162563C804008FE5EB /* Release */ = {
			isa = XCBuildConfiguration;
			buildSettings = {
				ALWAYS_SEARCH_USER_PATHS = NO;
				CLANG_ANALYZER_NONNULL = YES;
				CLANG_ANALYZER_NUMBER_OBJECT_CONVERSION = YES_AGGRESSIVE;
				CLANG_CXX_LANGUAGE_STANDARD = "gnu++14";
				CLANG_CXX_LIBRARY = "libc++";
				CLANG_ENABLE_MODULES = YES;
				CLANG_ENABLE_OBJC_ARC = YES;
				CLANG_ENABLE_OBJC_WEAK = YES;
				CLANG_WARN_BLOCK_CAPTURE_AUTORELEASING = YES;
				CLANG_WARN_BOOL_CONVERSION = YES;
				CLANG_WARN_COMMA = YES;
				CLANG_WARN_CONSTANT_CONVERSION = YES;
				CLANG_WARN_DEPRECATED_OBJC_IMPLEMENTATIONS = YES;
				CLANG_WARN_DIRECT_OBJC_ISA_USAGE = YES_ERROR;
				CLANG_WARN_DOCUMENTATION_COMMENTS = YES;
				CLANG_WARN_EMPTY_BODY = YES;
				CLANG_WARN_ENUM_CONVERSION = YES;
				CLANG_WARN_INFINITE_RECURSION = YES;
				CLANG_WARN_INT_CONVERSION = YES;
				CLANG_WARN_NON_LITERAL_NULL_CONVERSION = YES;
				CLANG_WARN_OBJC_IMPLICIT_RETAIN_SELF = YES;
				CLANG_WARN_OBJC_LITERAL_CONVERSION = YES;
				CLANG_WARN_OBJC_ROOT_CLASS = YES_ERROR;
				CLANG_WARN_QUOTED_INCLUDE_IN_FRAMEWORK_HEADER = YES;
				CLANG_WARN_RANGE_LOOP_ANALYSIS = YES;
				CLANG_WARN_STRICT_PROTOTYPES = YES;
				CLANG_WARN_SUSPICIOUS_MOVE = YES;
				CLANG_WARN_UNGUARDED_AVAILABILITY = YES_AGGRESSIVE;
				CLANG_WARN_UNREACHABLE_CODE = YES;
				CLANG_WARN__DUPLICATE_METHOD_MATCH = YES;
				COPY_PHASE_STRIP = NO;
				DEBUG_INFORMATION_FORMAT = "dwarf-with-dsym";
				ENABLE_NS_ASSERTIONS = NO;
				ENABLE_STRICT_OBJC_MSGSEND = YES;
				GCC_C_LANGUAGE_STANDARD = gnu11;
				GCC_NO_COMMON_BLOCKS = YES;
				GCC_WARN_64_TO_32_BIT_CONVERSION = YES;
				GCC_WARN_ABOUT_RETURN_TYPE = YES_ERROR;
				GCC_WARN_UNDECLARED_SELECTOR = YES;
				GCC_WARN_UNINITIALIZED_AUTOS = YES_AGGRESSIVE;
				GCC_WARN_UNUSED_FUNCTION = YES;
				GCC_WARN_UNUSED_VARIABLE = YES;
				IPHONEOS_DEPLOYMENT_TARGET = 14.2;
				MTL_ENABLE_DEBUG_INFO = NO;
				MTL_FAST_MATH = YES;
				SDKROOT = iphoneos;
				SWIFT_COMPILATION_MODE = wholemodule;
				SWIFT_OPTIMIZATION_LEVEL = "-O";
				VALIDATE_PRODUCT = YES;
			};
			name = Release;
		};
		26AAA2182563C804008FE5EB /* Debug */ = {
			isa = XCBuildConfiguration;
			baseConfigurationReference = C2651401475C7DF9B4A3C39D /* Pods-ARSystem.debug.xcconfig */;
			buildSettings = {
				ASSETCATALOG_COMPILER_APPICON_NAME = AppIcon;
				ASSETCATALOG_COMPILER_GLOBAL_ACCENT_COLOR_NAME = AccentColor;
				CODE_SIGN_STYLE = Automatic;
				DEBUG_INFORMATION_FORMAT = "dwarf-with-dsym";
				DEFINES_MODULE = YES;
				DEVELOPMENT_TEAM = 424LNK92VG;
				FRAMEWORK_SEARCH_PATHS = (
					"$(inherited)",
					"$(PROJECT_DIR)",
				);
				INFOPLIST_FILE = "$(SRCROOT)/ARSystem/Info.plist";
				IPHONEOS_DEPLOYMENT_TARGET = 16.1;
				LD_RUNPATH_SEARCH_PATHS = (
					"$(inherited)",
					"@executable_path/Frameworks",
				);
				PRODUCT_BUNDLE_IDENTIFIER = org.toralab.ankou.ARSystem.ankou7.yasue7;
				PRODUCT_NAME = "$(TARGET_NAME)";
				SDKROOT = iphoneos;
				SWIFT_INSTALL_OBJC_HEADER = YES;
				SWIFT_OBJC_BRIDGING_HEADER = "ARSystem/ScanMakeMap/MakeNavigation/Renderer/smTest-Bridging-Header.h";
				SWIFT_OPTIMIZATION_LEVEL = "-O";
				SWIFT_VERSION = 5.0;
				TARGETED_DEVICE_FAMILY = "1,2";
			};
			name = Debug;
		};
		26AAA2192563C804008FE5EB /* Release */ = {
			isa = XCBuildConfiguration;
			baseConfigurationReference = 851C3C7C92CEC202D1EAE04E /* Pods-ARSystem.release.xcconfig */;
			buildSettings = {
				ASSETCATALOG_COMPILER_APPICON_NAME = AppIcon;
				ASSETCATALOG_COMPILER_GLOBAL_ACCENT_COLOR_NAME = AccentColor;
				CODE_SIGN_STYLE = Automatic;
				DEFINES_MODULE = YES;
				DEVELOPMENT_TEAM = 424LNK92VG;
				FRAMEWORK_SEARCH_PATHS = (
					"$(inherited)",
					"$(PROJECT_DIR)",
				);
				INFOPLIST_FILE = "$(SRCROOT)/ARSystem/Info.plist";
				IPHONEOS_DEPLOYMENT_TARGET = 16.1;
				LD_RUNPATH_SEARCH_PATHS = (
					"$(inherited)",
					"@executable_path/Frameworks",
				);
				PRODUCT_BUNDLE_IDENTIFIER = org.toralab.ankou.ARSystem.ankou7.yasue7;
				PRODUCT_NAME = "$(TARGET_NAME)";
				SDKROOT = iphoneos;
				SWIFT_INSTALL_OBJC_HEADER = YES;
				SWIFT_OBJC_BRIDGING_HEADER = "ARSystem/ScanMakeMap/MakeNavigation/Renderer/smTest-Bridging-Header.h";
				SWIFT_OPTIMIZATION_LEVEL = "-O";
				SWIFT_VERSION = 5.0;
				TARGETED_DEVICE_FAMILY = "1,2";
			};
			name = Release;
		};
/* End XCBuildConfiguration section */

/* Begin XCConfigurationList section */
		26AAA1E82563C802008FE5EB /* Build configuration list for PBXProject "ARSystem" */ = {
			isa = XCConfigurationList;
			buildConfigurations = (
				26AAA2152563C804008FE5EB /* Debug */,
				26AAA2162563C804008FE5EB /* Release */,
			);
			defaultConfigurationIsVisible = 0;
			defaultConfigurationName = Release;
		};
		26AAA2172563C804008FE5EB /* Build configuration list for PBXNativeTarget "ARSystem" */ = {
			isa = XCConfigurationList;
			buildConfigurations = (
				26AAA2182563C804008FE5EB /* Debug */,
				26AAA2192563C804008FE5EB /* Release */,
			);
			defaultConfigurationIsVisible = 0;
			defaultConfigurationName = Release;
		};
/* End XCConfigurationList section */
	};
	rootObject = 26AAA1E52563C802008FE5EB /* Project object */;
}
